# THIS IS AN AUTOGENERATED FILE. DO NOT EDIT THIS FILE DIRECTLY.
assets/main.js:
  development: 2017-11-28T16:43:27-08:00   74cec71de536373669a32ee42a489639
assets/timber.scss.liquid:
  development: 2017-11-29T16:59:48-08:00   482978c0ffc690468295a85371e72da3
snippets/_header.liquid:
  development: 2017-11-28T16:44:16-08:00   c56320f7ac63f47e976f84cfb6631602
snippets/collection-footer-js.liquid:
  development: 2017-11-28T16:42:59-08:00   0b47a927f0bfba8dc357b34936d10bf5
snippets/product-grid-item.liquid:
  development: 2017-11-28T16:43:19-08:00   c6a35a040c9944ff6d9577cd91e2279d
snippets/sanFrancisco.liquid:
  development: 2017-11-28T16:44:16-08:00   4d33c603fee35f9ea0f15ed9291df9bb
templates/collection.liquid:
  development: 2017-11-29T16:47:04-08:00   f4c0ca8bd16b3a2aef239f2ebc9d8d3a
templates/collection.multi.liquid:
  development: 2017-11-28T16:44:17-08:00   7d7784e587f023e7c6be985dc5913e59
